[[package]]
category = "dev"
description = "A tool that automatically formats Python code to conform to the PEP 8 style guide"
name = "autopep8"
optional = false
python-versions = "*"
version = "1.5.1"

[package.dependencies]
pycodestyle = ">=2.5.0"

[[package]]
category = "main"
description = "Python package for providing Mozilla's CA Bundle."
name = "certifi"
optional = false
python-versions = "*"
version = "2020.4.5.1"

[[package]]
category = "main"
description = "Universal encoding detector for Python 2 and 3"
name = "chardet"
optional = false
python-versions = "*"
version = "3.0.4"

[[package]]
category = "main"
description = "Use Database URLs in your Django Application."
name = "dj-database-url"
optional = false
python-versions = "*"
version = "0.5.0"

[[package]]
category = "main"
description = "A high-level Python Web framework that encourages rapid development and clean, pragmatic design."
name = "django"
optional = false
python-versions = "*"
version = "1.11.29"

[package.dependencies]
pytz = "*"

[package.extras]
argon2 = ["argon2-cffi (>=16.1.0)"]
bcrypt = ["bcrypt"]

[[package]]
category = "main"
description = "Reusable, generic mixins for Django"
name = "django-braces"
optional = false
python-versions = "*"
version = "1.14.0"

[package.dependencies]
Django = ">=1.11.0"
six = "*"

[[package]]
category = "main"
description = "A simple Django management command which clears your cache."
name = "django-clear-cache"
optional = false
python-versions = "*"
version = "0.3"

[package.dependencies]
Django = ">=1.0"

[[package]]
category = "main"
description = "django-cors-headers is a Django application for handling the server headers required for Cross-Origin Resource Sharing (CORS)."
name = "django-cors-headers"
optional = false
python-versions = ">=2.7, !=3.0.*, !=3.1.*, !=3.2.*, !=3.3.*"
version = "2.4.1"

[[package]]
category = "main"
description = "Automatic Django memcached configuration on Heroku."
name = "django-heroku-memcacheify"
optional = false
python-versions = "*"
version = "1.0.0"

[package.dependencies]
django-pylibmc = ">=0.6.1"

[[package]]
category = "main"
description = "JSONField for django models"
name = "django-jsonfield"
optional = false
python-versions = "*"
version = "1.0.1"

[[package]]
category = "main"
description = "a Django app that provides template tags for using Markdown (using the python-markdown2 processor)"
name = "django-markdown-deux"
optional = false
python-versions = "*"
version = "1.0.5"

[package.dependencies]
markdown2 = "*"

[[package]]
category = "main"
description = "Django model mixins and utilities"
name = "django-model-utils"
optional = false
python-versions = "*"
version = "3.1.2"

[package.dependencies]
Django = ">=1.8"

[[package]]
category = "main"
description = "Postgres Connection Pooling for Django."
name = "django-postgrespool"
optional = false
python-versions = "*"
version = "0.3.0"

[package.dependencies]
psycopg2 = "*"
sqlalchemy = "*"

[[package]]
category = "main"
description = "Django cache backend using pylibmc"
name = "django-pylibmc"
optional = false
python-versions = "*"
version = "0.6.1"

[package.dependencies]
pylibmc = ">=1.4.1"

[[package]]
category = "main"
description = "Web APIs for Django, made easy."
name = "djangorestframework"
optional = false
python-versions = ">=3.5"
version = "3.11.0"

[package.dependencies]
django = ">=1.11"

[[package]]
category = "main"
description = "A parser and renderer for Django REST Framework that adds support for the JSON API specification."
name = "drf-json-api"
optional = false
python-versions = "*"
version = "0.1.1"

[[package]]
category = "dev"
description = "Discover and load entry points from installed packages."
name = "entrypoints"
optional = false
python-versions = ">=2.7"
version = "0.3"

[[package]]
category = "dev"
description = "the modular source code checker: pep8, pyflakes and co"
name = "flake8"
optional = false
python-versions = ">=2.7, !=3.0.*, !=3.1.*, !=3.2.*, !=3.3.*"
version = "3.7.9"

[package.dependencies]
entrypoints = ">=0.3.0,<0.4.0"
mccabe = ">=0.6.0,<0.7.0"
pycodestyle = ">=2.5.0,<2.6.0"
pyflakes = ">=2.1.0,<2.2.0"

[[package]]
category = "main"
description = "WSGI HTTP Server for UNIX"
name = "gunicorn"
optional = false
python-versions = ">=3.4"
version = "20.0.4"

[package.dependencies]
setuptools = ">=3.0"

[package.extras]
eventlet = ["eventlet (>=0.9.7)"]
gevent = ["gevent (>=0.13)"]
setproctitle = ["setproctitle"]
tornado = ["tornado (>=0.2)"]

[[package]]
category = "main"
description = "Internationalized Domain Names in Applications (IDNA)"
name = "idna"
optional = false
python-versions = ">=2.7, !=3.0.*, !=3.1.*, !=3.2.*, !=3.3.*"
version = "2.9"

[[package]]
category = "main"
description = "A fast and complete Python implementation of Markdown"
name = "markdown2"
optional = false
python-versions = "*"
version = "2.3.8"

[[package]]
category = "dev"
description = "McCabe checker, plugin for flake8"
name = "mccabe"
optional = false
python-versions = "*"
version = "0.6.1"

[[package]]
category = "main"
description = "Padding methods for password based encryption"
name = "padding"
optional = false
python-versions = "*"
version = "0.5"

[[package]]
category = "main"
description = "psycopg2 - Python-PostgreSQL Database Adapter"
name = "psycopg2"
optional = false
python-versions = ">=2.7,!=3.0.*,!=3.1.*,!=3.2.*,!=3.3.*"
version = "2.8.5"

[[package]]
category = "dev"
description = "Python style guide checker"
name = "pycodestyle"
optional = false
python-versions = ">=2.7, !=3.0.*, !=3.1.*, !=3.2.*, !=3.3.*"
version = "2.5.0"

[[package]]
category = "main"
description = "Cryptographic modules for Python."
name = "pycrypto"
optional = false
python-versions = "*"
version = "2.6.1"

[[package]]
category = "dev"
description = "passive checker of Python programs"
name = "pyflakes"
optional = false
python-versions = ">=2.7, !=3.0.*, !=3.1.*, !=3.2.*, !=3.3.*"
version = "2.1.1"

[[package]]
category = "main"
description = "Quick and small memcached client for Python"
name = "pylibmc"
optional = false
python-versions = "*"
version = "1.6.1"

[[package]]
category = "main"
description = "World timezone definitions, modern and historical"
name = "pytz"
optional = false
python-versions = "*"
version = "2019.3"

[[package]]
category = "main"
description = "Python HTTP for Humans."
name = "requests"
optional = false
python-versions = ">=2.7, !=3.0.*, !=3.1.*, !=3.2.*, !=3.3.*, !=3.4.*"
version = "2.23.0"

[package.dependencies]
certifi = ">=2017.4.17"
chardet = ">=3.0.2,<4"
idna = ">=2.5,<3"
urllib3 = ">=1.21.1,<1.25.0 || >1.25.0,<1.25.1 || >1.25.1,<1.26"

[package.extras]
security = ["pyOpenSSL (>=0.14)", "cryptography (>=1.3.4)"]
socks = ["PySocks (>=1.5.6,<1.5.7 || >1.5.7)", "win-inet-pton"]

[[package]]
category = "main"
description = "Python 2 and 3 compatibility utilities"
name = "six"
optional = false
python-versions = ">=2.7, !=3.0.*, !=3.1.*, !=3.2.*"
version = "1.14.0"

[[package]]
category = "main"
description = "Database Abstraction Library"
name = "sqlalchemy"
optional = false
python-versions = ">=2.7, !=3.0.*, !=3.1.*, !=3.2.*, !=3.3.*"
version = "1.3.16"

[package.extras]
mssql = ["pyodbc"]
mssql_pymssql = ["pymssql"]
mssql_pyodbc = ["pyodbc"]
mysql = ["mysqlclient"]
oracle = ["cx-oracle"]
postgresql = ["psycopg2"]
postgresql_pg8000 = ["pg8000"]
postgresql_psycopg2binary = ["psycopg2-binary"]
postgresql_psycopg2cffi = ["psycopg2cffi"]
pymysql = ["pymysql"]

[[package]]
category = "main"
description = "Python bindings for the Stripe API"
name = "stripe"
optional = false
python-versions = ">=2.7, !=3.0.*, !=3.1.*, !=3.2.*, !=3.3.*"
version = "2.45.0"

[package.dependencies]
[package.dependencies.requests]
python = ">=3.0"
version = ">=2.20"

[[package]]
category = "main"
description = "HTTP library with thread-safe connection pooling, file post, and more."
name = "urllib3"
optional = false
python-versions = ">=2.7, !=3.0.*, !=3.1.*, !=3.2.*, !=3.3.*, !=3.4.*, <4"
version = "1.25.8"

[package.extras]
brotli = ["brotlipy (>=0.6.0)"]
secure = ["pyOpenSSL (>=0.14)", "cryptography (>=1.3.4)", "idna (>=2.0.0)", "certifi", "ipaddress"]
socks = ["PySocks (>=1.5.6,<1.5.7 || >1.5.7,<2.0)"]

[[package]]
category = "main"
description = "Radically simplified static file serving for WSGI applications"
name = "whitenoise"
optional = false
python-versions = ">=3.5, <4"
version = "5.0.1"

[package.extras]
brotli = ["brotli"]

[metadata]
content-hash = "1c2bc65c3497390ed38f492a5672e2671a06d84833e75b697ba0e7b6fe2e6810"
python-versions = "^3.7"

[metadata.files]
autopep8 = [
    {file = "autopep8-1.5.1.tar.gz", hash = "sha256:cc6be1dfd46f2c7fa00e84a357f1a269683985b09eaffb47654ed551194399eb"},
]
certifi = [
    {file = "certifi-2020.4.5.1-py2.py3-none-any.whl", hash = "sha256:1d987a998c75633c40847cc966fcf5904906c920a7f17ef374f5aa4282abd304"},
    {file = "certifi-2020.4.5.1.tar.gz", hash = "sha256:51fcb31174be6e6664c5f69e3e1691a2d72a1a12e90f872cbdb1567eb47b6519"},
]
chardet = [
    {file = "chardet-3.0.4-py2.py3-none-any.whl", hash = "sha256:fc323ffcaeaed0e0a02bf4d117757b98aed530d9ed4531e3e15460124c106691"},
    {file = "chardet-3.0.4.tar.gz", hash = "sha256:84ab92ed1c4d4f16916e05906b6b75a6c0fb5db821cc65e70cbd64a3e2a5eaae"},
]
dj-database-url = [
    {file = "dj-database-url-0.5.0.tar.gz", hash = "sha256:4aeaeb1f573c74835b0686a2b46b85990571159ffc21aa57ecd4d1e1cb334163"},
    {file = "dj_database_url-0.5.0-py2.py3-none-any.whl", hash = "sha256:851785365761ebe4994a921b433062309eb882fedd318e1b0fcecc607ed02da9"},
]
django = [
    {file = "Django-1.11.29-py2.py3-none-any.whl", hash = "sha256:014e3392058d94f40569206a24523ce254d55ad2f9f46c6550b0fe2e4f94cf3f"},
    {file = "Django-1.11.29.tar.gz", hash = "sha256:4200aefb6678019a0acf0005cd14cfce3a5e6b9b90d06145fcdd2e474ad4329c"},
]
django-braces = [
    {file = "django-braces-1.14.0.tar.gz", hash = "sha256:83705b78948de00804bfacf40c315d001bb39630f35bbdd8588211c2d5b4d43f"},
    {file = "django_braces-1.14.0-py2.py3-none-any.whl", hash = "sha256:a6d9b34cf3e4949635e54884097c30410d7964fc7bec7231445ea7079b8c5722"},
]
django-clear-cache = [
    {file = "django-clear-cache-0.3.tar.gz", hash = "sha256:fc9d27d6d7dd143917393484236bdf66a109d99bc64a4418cdf5a1127356d766"},
]
django-cors-headers = [
    {file = "django-cors-headers-2.4.1.tar.gz", hash = "sha256:8f94f96d2cdfa46360c62b892daae42477591997686ebf36c4f1cd9015528d22"},
    {file = "django_cors_headers-2.4.1-py2.py3-none-any.whl", hash = "sha256:ff46a244965bddd71070bb71c2f0e27ceae2d73c52db5d4ffa09ecc51d47548e"},
]
django-heroku-memcacheify = [
    {file = "django-heroku-memcacheify-1.0.0.tar.gz", hash = "sha256:76811edb1521bd22b2bf8147afc47685ec8317adf2f7e5f4feccb975409883a1"},
    {file = "django_heroku_memcacheify-1.0.0-py2.py3-none-any.whl", hash = "sha256:971c63f9af5bee2884bbfd308457b6675b35b89a33cf42c1c4f0a554c324a563"},
]
django-jsonfield = [
    {file = "django-jsonfield-1.0.1.tar.gz", hash = "sha256:6c0afd5554739365b55d86e285cf966cc3a45682fff963463364ea1f6511ca3e"},
]
django-markdown-deux = [
    {file = "django-markdown-deux-1.0.5.zip", hash = "sha256:5b4a3cd9454af5b4cec0e19151b41d98d09400ddae0688afb81dbf62a4edafff"},
]
django-model-utils = [
    {file = "django-model-utils-3.1.2.tar.gz", hash = "sha256:2c057f3bf0859aba27f04389f0cedd2d48f8c9b3848acb86fd9970794e58f477"},
    {file = "django_model_utils-3.1.2-py2.py3-none-any.whl", hash = "sha256:8cd377744aa45f9f131d652ec460c57d1aaa88d3e9b586c8e27eb709341b9084"},
]
django-postgrespool = [
    {file = "django-postgrespool-0.3.0.tar.gz", hash = "sha256:7622a56a5652bb6dee1a279e7e2ec4b18efcb5670e4cc17c57f87040984a2e8c"},
]
django-pylibmc = [
    {file = "django-pylibmc-0.6.1.tar.gz", hash = "sha256:02b591933a029eb552388cced713028f3c6cbb021639fc8de388bd1ca87981d4"},
    {file = "django_pylibmc-0.6.1-py2.py3-none-any.whl", hash = "sha256:9cffdee703aaf9ebc029d9dbdee8abdd0723564b95e4b2ac59e4a668b8e58f93"},
]
djangorestframework = [
    {file = "djangorestframework-3.11.0-py3-none-any.whl", hash = "sha256:05809fc66e1c997fd9a32ea5730d9f4ba28b109b9da71fccfa5ff241201fd0a4"},
    {file = "djangorestframework-3.11.0.tar.gz", hash = "sha256:e782087823c47a26826ee5b6fa0c542968219263fb3976ec3c31edab23a4001f"},
]
drf-json-api = [
    {file = "drf-json-api-0.1.1.tar.gz", hash = "sha256:8a9172148f1566746dd900d62c7a39cefe5ea0600eba7407adf3f3b3a14c7038"},
    {file = "drf_json_api-0.1.1-py2.py3-none-any.whl", hash = "sha256:2039018ef2037609bea58a68404c2f552b491a14e996a8d34244665984488092"},
]
entrypoints = [
    {file = "entrypoints-0.3-py2.py3-none-any.whl", hash = "sha256:589f874b313739ad35be6e0cd7efde2a4e9b6fea91edcc34e58ecbb8dbe56d19"},
    {file = "entrypoints-0.3.tar.gz", hash = "sha256:c70dd71abe5a8c85e55e12c19bd91ccfeec11a6e99044204511f9ed547d48451"},
]
flake8 = [
    {file = "flake8-3.7.9-py2.py3-none-any.whl", hash = "sha256:49356e766643ad15072a789a20915d3c91dc89fd313ccd71802303fd67e4deca"},
    {file = "flake8-3.7.9.tar.gz", hash = "sha256:45681a117ecc81e870cbf1262835ae4af5e7a8b08e40b944a8a6e6b895914cfb"},
]
gunicorn = [
    {file = "gunicorn-20.0.4-py2.py3-none-any.whl", hash = "sha256:cd4a810dd51bf497552cf3f863b575dabd73d6ad6a91075b65936b151cbf4f9c"},
    {file = "gunicorn-20.0.4.tar.gz", hash = "sha256:1904bb2b8a43658807108d59c3f3d56c2b6121a701161de0ddf9ad140073c626"},
]
idna = [
    {file = "idna-2.9-py2.py3-none-any.whl", hash = "sha256:a068a21ceac8a4d63dbfd964670474107f541babbd2250d61922f029858365fa"},
    {file = "idna-2.9.tar.gz", hash = "sha256:7588d1c14ae4c77d74036e8c22ff447b26d0fde8f007354fd48a7814db15b7cb"},
]
markdown2 = [
    {file = "markdown2-2.3.8-py2.py3-none-any.whl", hash = "sha256:882d3607fc023cdea0ac2cd0e1147617fcb0361cb1133d3ff095417f995ff270"},
    {file = "markdown2-2.3.8.tar.gz", hash = "sha256:7ff88e00b396c02c8e1ecd8d176cfa418fb01fe81234dcea77803e7ce4f05dbe"},
]
mccabe = [
    {file = "mccabe-0.6.1-py2.py3-none-any.whl", hash = "sha256:ab8a6258860da4b6677da4bd2fe5dc2c659cff31b3ee4f7f5d64e79735b80d42"},
    {file = "mccabe-0.6.1.tar.gz", hash = "sha256:dd8d182285a0fe56bace7f45b5e7d1a6ebcbf524e8f3bd87eb0f125271b8831f"},
]
padding = [
    {file = "Padding-0.5.tar.gz", hash = "sha256:8994b4d8720b733ddf697bc27ce17b672220c48c4a37eef1e7eaa30a4ad90308"},
]
psycopg2 = [
    {file = "psycopg2-2.8.5-cp27-cp27m-win32.whl", hash = "sha256:a0984ff49e176062fcdc8a5a2a670c9bb1704a2f69548bce8f8a7bad41c661bf"},
    {file = "psycopg2-2.8.5-cp27-cp27m-win_amd64.whl", hash = "sha256:acf56d564e443e3dea152efe972b1434058244298a94348fc518d6dd6a9fb0bb"},
    {file = "psycopg2-2.8.5-cp34-cp34m-win32.whl", hash = "sha256:440a3ea2c955e89321a138eb7582aa1d22fe286c7d65e26a2c5411af0a88ae72"},
    {file = "psycopg2-2.8.5-cp34-cp34m-win_amd64.whl", hash = "sha256:6b306dae53ec7f4f67a10942cf8ac85de930ea90e9903e2df4001f69b7833f7e"},
    {file = "psycopg2-2.8.5-cp35-cp35m-win32.whl", hash = "sha256:d3b29d717d39d3580efd760a9a46a7418408acebbb784717c90d708c9ed5f055"},
    {file = "psycopg2-2.8.5-cp35-cp35m-win_amd64.whl", hash = "sha256:6a471d4d2a6f14c97a882e8d3124869bc623f3df6177eefe02994ea41fd45b52"},
    {file = "psycopg2-2.8.5-cp36-cp36m-win32.whl", hash = "sha256:27c633f2d5db0fc27b51f1b08f410715b59fa3802987aec91aeb8f562724e95c"},
    {file = "psycopg2-2.8.5-cp36-cp36m-win_amd64.whl", hash = "sha256:2df2bf1b87305bd95eb3ac666ee1f00a9c83d10927b8144e8e39644218f4cf81"},
    {file = "psycopg2-2.8.5-cp37-cp37m-win32.whl", hash = "sha256:ac5b23d0199c012ad91ed1bbb971b7666da651c6371529b1be8cbe2a7bf3c3a9"},
    {file = "psycopg2-2.8.5-cp37-cp37m-win_amd64.whl", hash = "sha256:2c0afb40cfb4d53487ee2ebe128649028c9a78d2476d14a67781e45dc287f080"},
    {file = "psycopg2-2.8.5-cp38-cp38-win32.whl", hash = "sha256:2327bf42c1744a434ed8ed0bbaa9168cac7ee5a22a9001f6fc85c33b8a4a14b7"},
    {file = "psycopg2-2.8.5-cp38-cp38-win_amd64.whl", hash = "sha256:132efc7ee46a763e68a815f4d26223d9c679953cd190f1f218187cb60decf535"},
    {file = "psycopg2-2.8.5.tar.gz", hash = "sha256:f7d46240f7a1ae1dd95aab38bd74f7428d46531f69219954266d669da60c0818"},
]
pycodestyle = [
    {file = "pycodestyle-2.5.0-py2.py3-none-any.whl", hash = "sha256:95a2219d12372f05704562a14ec30bc76b05a5b297b21a5dfe3f6fac3491ae56"},
    {file = "pycodestyle-2.5.0.tar.gz", hash = "sha256:e40a936c9a450ad81df37f549d676d127b1b66000a6c500caa2b085bc0ca976c"},
]
pycrypto = [
    {file = "pycrypto-2.6.1.tar.gz", hash = "sha256:f2ce1e989b272cfcb677616763e0a2e7ec659effa67a88aa92b3a65528f60a3c"},
]
pyflakes = [
    {file = "pyflakes-2.1.1-py2.py3-none-any.whl", hash = "sha256:17dbeb2e3f4d772725c777fabc446d5634d1038f234e77343108ce445ea69ce0"},
    {file = "pyflakes-2.1.1.tar.gz", hash = "sha256:d976835886f8c5b31d47970ed689944a0262b5f3afa00a5a7b4dc81e5449f8a2"},
]
pylibmc = [
    {file = "pylibmc-1.6.1-cp27-cp27mu-manylinux1_x86_64.whl", hash = "sha256:01a7e2e3fa9fcd7a791c7818a80a07e7a381aee988a5d810a1c1e6f7a9a288fd"},
    {file = "pylibmc-1.6.1-cp35-cp35m-manylinux1_x86_64.whl", hash = "sha256:6fff384e3c30af029bbac87f88b3fab14ae87b50103d389341d9b3e633349a3f"},
    {file = "pylibmc-1.6.1-cp36-cp36m-manylinux1_x86_64.whl", hash = "sha256:c749b4251c1137837d00542b62992b96cd2aed639877407f66291120dd6de2ff"},
    {file = "pylibmc-1.6.1-cp37-cp37m-manylinux1_x86_64.whl", hash = "sha256:e6c0c452336db0868d0de521d48872c2a359b1233b974c6b32c36ce68abc4820"},
    {file = "pylibmc-1.6.1.tar.gz", hash = "sha256:8a8dd406487d419d58c6d944efd91e8189b360a0c4d9e8c6ebe3990d646ae7e9"},
]
pytz = [
    {file = "pytz-2019.3-py2.py3-none-any.whl", hash = "sha256:1c557d7d0e871de1f5ccd5833f60fb2550652da6be2693c1e02300743d21500d"},
    {file = "pytz-2019.3.tar.gz", hash = "sha256:b02c06db6cf09c12dd25137e563b31700d3b80fcc4ad23abb7a315f2789819be"},
]
requests = [
    {file = "requests-2.23.0-py2.py3-none-any.whl", hash = "sha256:43999036bfa82904b6af1d99e4882b560e5e2c68e5c4b0aa03b655f3d7d73fee"},
    {file = "requests-2.23.0.tar.gz", hash = "sha256:b3f43d496c6daba4493e7c431722aeb7dbc6288f52a6e04e7b6023b0247817e6"},
]
six = [
    {file = "six-1.14.0-py2.py3-none-any.whl", hash = "sha256:8f3cd2e254d8f793e7f3d6d9df77b92252b52637291d0f0da013c76ea2724b6c"},
    {file = "six-1.14.0.tar.gz", hash = "sha256:236bdbdce46e6e6a3d61a337c0f8b763ca1e8717c03b369e87a7ec7ce1319c0a"},
]
sqlalchemy = [
    {file = "SQLAlchemy-1.3.16.tar.gz", hash = "sha256:7224e126c00b8178dfd227bc337ba5e754b197a3867d33b9f30dc0208f773d70"},
]
stripe = [
    {file = "stripe-2.45.0-py2.py3-none-any.whl", hash = "sha256:2592aa78aa8fbd2c7b892edd9eb0b5dd987df60000e156b1fe395c44ac46f1c0"},
    {file = "stripe-2.45.0.tar.gz", hash = "sha256:8382f1429487ba641e9d8348db32c1d7b235b7de9129f235a668eef2131147fa"},
]
urllib3 = [
    {file = "urllib3-1.25.8-py2.py3-none-any.whl", hash = "sha256:2f3db8b19923a873b3e5256dc9c2dedfa883e33d87c690d9c7913e1f40673cdc"},
    {file = "urllib3-1.25.8.tar.gz", hash = "sha256:87716c2d2a7121198ebcb7ce7cccf6ce5e9ba539041cfbaeecfb641dc0bf6acc"},
]
whitenoise = [
    {file = "whitenoise-5.0.1-py2.py3-none-any.whl", hash = "sha256:62556265ec1011bd87113fb81b7516f52688887b7a010ee899ff1fd18fd22700"},
    {file = "whitenoise-5.0.1.tar.gz", hash = "sha256:0f9137f74bd95fa54329ace88d8dc695fbe895369a632e35f7a136e003e41d73"},
]
